PODS:
  - Alamofire (4.4.0)
  - CocoaAsyncSocket (7.6.1)
  - TextFieldEffects (1.3.2)

DEPENDENCIES:
  - Alamofire (~> 4.4.0)
  - CocoaAsyncSocket (~> 7.6.0)
  - TextFieldEffects (~> 1.3.2)

SPEC CHECKSUMS:
  Alamofire: dc44b1600b800eb63da6a19039a0083d62a6a62d
  CocoaAsyncSocket: 7eadd3f59e1a6c84e2aefc93e9ff7b55156fe174
  TextFieldEffects: 9e5cce561ea39c75b86e9d3637601727a67e8b23

PODFILE CHECKSUM: 650add79a590fc3249a7078b60136b70faf4714a

COCOAPODS: 1.2.1
